
Microsoft Visual Studio Solution File, Format Version 12.00
# Visual Studio Version 16
VisualStudioVersion = 16.0.29215.179
MinimumVisualStudioVersion = 10.0.40219.1
Project("{FAE04EC0-301F-11D3-BF4B-00C04F79EFBC}") = "Football4", "Football4.csproj", "{BF536061-F0FF-466F-BFF5-D143F1CBE28D}"
EndProject
Global
	GlobalSection(SolutionConfigurationPlatforms) = preSolution
		Debug|Any CPU = Debug|Any CPU
		Release|Any CPU = Release|Any CPU
	EndGlobalSection
	GlobalSection(ProjectConfigurationPlatforms) = postSolution
		{BF536061-F0FF-466F-BFF5-D143F1CBE28D}.Debug|Any CPU.ActiveCfg = Debug|Any CPU
		{BF536061-F0FF-466F-BFF5-D143F1CBE28D}.Debug|Any CPU.Build.0 = Debug|Any CPU
		{BF536061-F0FF-466F-BFF5-D143F1CBE28D}.Release|Any CPU.ActiveCfg = Release|Any CPU
		{BF536061-F0FF-466F-BFF5-D143F1CBE28D}.Release|Any CPU.Build.0 = Release|Any CPU
	EndGlobalSection
	GlobalSection(SolutionProperties) = preSolution
		HideSolutionNode = FALSE
	EndGlobalSection
	GlobalSection(ExtensibilityGlobals) = postSolution
		SolutionGuid = {C530331D-9665-4802-9A1D-607370B2F8F4}
	EndGlobalSection
EndGlobal
